
Microsoft Visual Studio Solution File, Format Version 12.00
# Visual Studio Version 16
VisualStudioVersion = 16.0.30804.86
MinimumVisualStudioVersion = 10.0.40219.1
Project("{FAE04EC0-301F-11D3-BF4B-00C04F79EFBC}") = "FileInformation", "FileInformation\FileInformation.csproj", "{7771815C-09D8-4974-9489-E04DB2631214}"
EndProject
Project("{FAE04EC0-301F-11D3-BF4B-00C04F79EFBC}") = "ListTablets", "ListTablets\ListTablets.csproj", "{E4FB08FD-8A2B-49A1-A58B-80FDFF63E890}"
EndProject
Global
	GlobalSection(SolutionConfigurationPlatforms) = preSolution
		Debug|Any CPU = Debug|Any CPU
		Release|Any CPU = Release|Any CPU
	EndGlobalSection
	GlobalSection(ProjectConfigurationPlatforms) = postSolution
		{7771815C-09D8-4974-9489-E04DB2631214}.Debug|Any CPU.ActiveCfg = Debug|Any CPU
		{7771815C-09D8-4974-9489-E04DB2631214}.Debug|Any CPU.Build.0 = Debug|Any CPU
		{7771815C-09D8-4974-9489-E04DB2631214}.Release|Any CPU.ActiveCfg = Release|Any CPU
		{7771815C-09D8-4974-9489-E04DB2631214}.Release|Any CPU.Build.0 = Release|Any CPU
		{E4FB08FD-8A2B-49A1-A58B-80FDFF63E890}.Debug|Any CPU.ActiveCfg = Debug|Any CPU
		{E4FB08FD-8A2B-49A1-A58B-80FDFF63E890}.Debug|Any CPU.Build.0 = Debug|Any CPU
		{E4FB08FD-8A2B-49A1-A58B-80FDFF63E890}.Release|Any CPU.ActiveCfg = Release|Any CPU
		{E4FB08FD-8A2B-49A1-A58B-80FDFF63E890}.Release|Any CPU.Build.0 = Release|Any CPU
	EndGlobalSection
	GlobalSection(SolutionProperties) = preSolution
		HideSolutionNode = FALSE
	EndGlobalSection
	GlobalSection(ExtensibilityGlobals) = postSolution
		SolutionGuid = {E4067025-A9E5-41CD-A6EC-453F2954F0F8}
	EndGlobalSection
EndGlobal
